
Microsoft Visual Studio Solution File, Format Version 12.00
# Visual Studio Version 16
VisualStudioVersion = 16.0.30523.141
MinimumVisualStudioVersion = 10.0.40219.1
Project("{FAE04EC0-301F-11D3-BF4B-00C04F79EFBC}") = "AwesomeGym", "AwesomeGym.csproj", "{4F7058F8-172A-465A-B5F3-0606FEB73366}"
EndProject
Global
	GlobalSection(SolutionConfigurationPlatforms) = preSolution
		Debug|Any CPU = Debug|Any CPU
		Release|Any CPU = Release|Any CPU
	EndGlobalSection
	GlobalSection(ProjectConfigurationPlatforms) = postSolution
		{4F7058F8-172A-465A-B5F3-0606FEB73366}.Debug|Any CPU.ActiveCfg = Debug|Any CPU
		{4F7058F8-172A-465A-B5F3-0606FEB73366}.Debug|Any CPU.Build.0 = Debug|Any CPU
		{4F7058F8-172A-465A-B5F3-0606FEB73366}.Release|Any CPU.ActiveCfg = Release|Any CPU
		{4F7058F8-172A-465A-B5F3-0606FEB73366}.Release|Any CPU.Build.0 = Release|Any CPU
	EndGlobalSection
	GlobalSection(SolutionProperties) = preSolution
		HideSolutionNode = FALSE
	EndGlobalSection
	GlobalSection(ExtensibilityGlobals) = postSolution
		SolutionGuid = {577DCE37-42D6-4C29-A411-C2BB2914CC4B}
	EndGlobalSection
EndGlobal
